
Microsoft Visual Studio Solution File, Format Version 12.00
# Visual Studio Version 17
VisualStudioVersion = 17.8.34322.80
MinimumVisualStudioVersion = 10.0.40219.1
Project("{9A19103F-16F7-4668-BE54-9A1E7A4F7556}") = "DesktopIconChanger", "DesktopIconChanger\DesktopIconChanger.csproj", "{C142199A-8E5A-4752-94F5-958A5D6779DA}"
EndProject
Global
	GlobalSection(SolutionConfigurationPlatforms) = preSolution
		Debug|Any CPU = Debug|Any CPU
		Release|Any CPU = Release|Any CPU
	EndGlobalSection
	GlobalSection(ProjectConfigurationPlatforms) = postSolution
		{C142199A-8E5A-4752-94F5-958A5D6779DA}.Debug|Any CPU.ActiveCfg = Debug|Any CPU
		{C142199A-8E5A-4752-94F5-958A5D6779DA}.Debug|Any CPU.Build.0 = Debug|Any CPU
		{C142199A-8E5A-4752-94F5-958A5D6779DA}.Release|Any CPU.ActiveCfg = Release|Any CPU
		{C142199A-8E5A-4752-94F5-958A5D6779DA}.Release|Any CPU.Build.0 = Release|Any CPU
	EndGlobalSection
	GlobalSection(SolutionProperties) = preSolution
		HideSolutionNode = FALSE
	EndGlobalSection
	GlobalSection(ExtensibilityGlobals) = postSolution
		SolutionGuid = {70B11720-578D-4D2C-9D6F-A58384774F3F}
	EndGlobalSection
EndGlobal
